
Microsoft Visual Studio Solution File, Format Version 12.00
# Visual Studio Version 16
VisualStudioVersion = 16.0.32802.440
MinimumVisualStudioVersion = 10.0.40219.1
Project("{FAE04EC0-301F-11D3-BF4B-00C04F79EFBC}") = "Pet Adoption Site", "Pet Adoption Site\Pet Adoption Site.csproj", "{CB3A3739-0B08-48EA-AEB6-A29D5125B4B7}"
EndProject
Global
	GlobalSection(SolutionConfigurationPlatforms) = preSolution
		Debug|Any CPU = Debug|Any CPU
		Release|Any CPU = Release|Any CPU
	EndGlobalSection
	GlobalSection(ProjectConfigurationPlatforms) = postSolution
		{CB3A3739-0B08-48EA-AEB6-A29D5125B4B7}.Debug|Any CPU.ActiveCfg = Debug|Any CPU
		{CB3A3739-0B08-48EA-AEB6-A29D5125B4B7}.Debug|Any CPU.Build.0 = Debug|Any CPU
		{CB3A3739-0B08-48EA-AEB6-A29D5125B4B7}.Release|Any CPU.ActiveCfg = Release|Any CPU
		{CB3A3739-0B08-48EA-AEB6-A29D5125B4B7}.Release|Any CPU.Build.0 = Release|Any CPU
	EndGlobalSection
	GlobalSection(SolutionProperties) = preSolution
		HideSolutionNode = FALSE
	EndGlobalSection
	GlobalSection(ExtensibilityGlobals) = postSolution
		SolutionGuid = {D1094E3E-FAF8-4CC3-A608-E4883E63AAB8}
	EndGlobalSection
EndGlobal
